// !$*UTF8*$!
{
	archiveVersion = 1;
	classes = {};
	objectVersion = 56;
	objects = {

/* Begin PBXBuildFile section */
		A10000000000000000000001 /* ThreadRelayApp.swift in Sources */ = {isa = PBXBuildFile; fileRef = A20000000000000000000001 /* ThreadRelayApp.swift */; };
		A10000000000000000000002 /* AppModel.swift in Sources */ = {isa = PBXBuildFile; fileRef = A20000000000000000000002 /* AppModel.swift */; };
		A10000000000000000000003 /* APIClient.swift in Sources */ = {isa = PBXBuildFile; fileRef = A20000000000000000000003 /* APIClient.swift */; };
		A10000000000000000000004 /* RootView.swift in Sources */ = {isa = PBXBuildFile; fileRef = A20000000000000000000004 /* RootView.swift */; };
		A10000000000000000000005 /* SettingsView.swift in Sources */ = {isa = PBXBuildFile; fileRef = A20000000000000000000005 /* SettingsView.swift */; };
		A10000000000000000000007 /* DesignSystem.swift in Sources */ = {isa = PBXBuildFile; fileRef = A20000000000000000000007 /* DesignSystem.swift */; };
		A10000000000000000000008 /* VisualBaselines.swift in Sources */ = {isa = PBXBuildFile; fileRef = A20000000000000000000008 /* VisualBaselines.swift */; };
		A10000000000000000000009 /* APIContractTests.swift in Sources */ = {isa = PBXBuildFile; fileRef = A20000000000000000000009 /* APIContractTests.swift */; };
		A1000000000000000000000A /* DaemonLauncher.swift in Sources */ = {isa = PBXBuildFile; fileRef = A2000000000000000000000A /* DaemonLauncher.swift */; };
		A1000000000000000000000B /* ConnectionTopologyView.swift in Sources */ = {isa = PBXBuildFile; fileRef = A2000000000000000000000B /* ConnectionTopologyView.swift */; };
		A1000000000000000000000D /* MessagingAccountsView.swift in Sources */ = {isa = PBXBuildFile; fileRef = A2000000000000000000000D /* MessagingAccountsView.swift */; };
		A1000000000000000000000E /* MessagingOnboardingView.swift in Sources */ = {isa = PBXBuildFile; fileRef = A2000000000000000000000E /* MessagingOnboardingView.swift */; };
/* End PBXBuildFile section */

/* Begin PBXFileReference section */
		A20000000000000000000000 /* ThreadRelay.app */ = {isa = PBXFileReference; explicitFileType = wrapper.application; includeInIndex = 0; path = ThreadRelay.app; sourceTree = BUILT_PRODUCTS_DIR; };
		A20000000000000000000001 /* ThreadRelayApp.swift */ = {isa = PBXFileReference; lastKnownFileType = sourcecode.swift; path = ThreadRelayApp.swift; sourceTree = "<group>"; };
		A20000000000000000000002 /* AppModel.swift */ = {isa = PBXFileReference; lastKnownFileType = sourcecode.swift; path = AppModel.swift; sourceTree = "<group>"; };
		A20000000000000000000003 /* APIClient.swift */ = {isa = PBXFileReference; lastKnownFileType = sourcecode.swift; path = APIClient.swift; sourceTree = "<group>"; };
		A20000000000000000000004 /* RootView.swift */ = {isa = PBXFileReference; lastKnownFileType = sourcecode.swift; path = RootView.swift; sourceTree = "<group>"; };
		A20000000000000000000005 /* SettingsView.swift */ = {isa = PBXFileReference; lastKnownFileType = sourcecode.swift; path = SettingsView.swift; sourceTree = "<group>"; };
		A20000000000000000000006 /* Version.xcconfig */ = {isa = PBXFileReference; lastKnownFileType = text.xcconfig; path = Version.xcconfig; sourceTree = "<group>"; };
		A20000000000000000000007 /* DesignSystem.swift */ = {isa = PBXFileReference; lastKnownFileType = sourcecode.swift; path = DesignSystem.swift; sourceTree = "<group>"; };
		A20000000000000000000008 /* VisualBaselines.swift */ = {isa = PBXFileReference; lastKnownFileType = sourcecode.swift; path = VisualBaselines.swift; sourceTree = "<group>"; };
		A20000000000000000000009 /* APIContractTests.swift */ = {isa = PBXFileReference; lastKnownFileType = sourcecode.swift; path = APIContractTests.swift; sourceTree = "<group>"; };
		A20000000000000000000010 /* ThreadRelayMacTests.xctest */ = {isa = PBXFileReference; explicitFileType = wrapper.xctest; includeInIndex = 0; path = ThreadRelayMacTests.xctest; sourceTree = BUILT_PRODUCTS_DIR; };
		A2000000000000000000000A /* DaemonLauncher.swift */ = {isa = PBXFileReference; lastKnownFileType = sourcecode.swift; path = DaemonLauncher.swift; sourceTree = "<group>"; };
		A2000000000000000000000B /* ConnectionTopologyView.swift */ = {isa = PBXFileReference; lastKnownFileType = sourcecode.swift; path = ConnectionTopologyView.swift; sourceTree = "<group>"; };
		A2000000000000000000000C /* ThreadRelay-Info.plist */ = {isa = PBXFileReference; lastKnownFileType = text.plist.xml; path = "ThreadRelay-Info.plist"; sourceTree = "<group>"; };
		A2000000000000000000000D /* MessagingAccountsView.swift */ = {isa = PBXFileReference; lastKnownFileType = sourcecode.swift; path = MessagingAccountsView.swift; sourceTree = "<group>"; };
		A2000000000000000000000E /* MessagingOnboardingView.swift */ = {isa = PBXFileReference; lastKnownFileType = sourcecode.swift; path = MessagingOnboardingView.swift; sourceTree = "<group>"; };
/* End PBXFileReference section */

/* Begin PBXFrameworksBuildPhase section */
		A30000000000000000000001 /* Frameworks */ = {
			isa = PBXFrameworksBuildPhase;
			buildActionMask = 2147483647;
			files = ();
			runOnlyForDeploymentPostprocessing = 0;
		};
		A30000000000000000000002 /* Test Frameworks */ = {
			isa = PBXFrameworksBuildPhase;
			buildActionMask = 2147483647;
			files = ();
			runOnlyForDeploymentPostprocessing = 0;
		};
/* End PBXFrameworksBuildPhase section */

/* Begin PBXGroup section */
		A40000000000000000000000 = {
			isa = PBXGroup;
			children = (
				A40000000000000000000001 /* ThreadRelayMac */,
				A40000000000000000000002 /* Config */,
				A40000000000000000000003 /* Products */,
				A40000000000000000000004 /* Tests */,
			);
			sourceTree = "<group>";
		};
		A40000000000000000000001 /* ThreadRelayMac */ = {
			isa = PBXGroup;
			children = (
				A20000000000000000000001 /* ThreadRelayApp.swift */,
				A20000000000000000000002 /* AppModel.swift */,
				A20000000000000000000003 /* APIClient.swift */,
				A20000000000000000000004 /* RootView.swift */,
				A20000000000000000000005 /* SettingsView.swift */,
				A20000000000000000000007 /* DesignSystem.swift */,
				A20000000000000000000008 /* VisualBaselines.swift */,
				A2000000000000000000000A /* DaemonLauncher.swift */,
				A2000000000000000000000B /* ConnectionTopologyView.swift */,
				A2000000000000000000000D /* MessagingAccountsView.swift */,
				A2000000000000000000000E /* MessagingOnboardingView.swift */,
			);
			path = Sources/ThreadRelayMac;
			sourceTree = SOURCE_ROOT;
		};
		A40000000000000000000002 /* Config */ = {
			isa = PBXGroup;
			children = (
				A20000000000000000000006 /* Version.xcconfig */,
				A2000000000000000000000C /* ThreadRelay-Info.plist */,
			);
			path = Config;
			sourceTree = SOURCE_ROOT;
		};
		A40000000000000000000003 /* Products */ = {
			isa = PBXGroup;
			children = (
				A20000000000000000000000 /* ThreadRelay.app */,
				A20000000000000000000010 /* ThreadRelayMacTests.xctest */,
			);
			name = Products;
			sourceTree = "<group>";
		};
		A40000000000000000000004 /* Tests */ = {
			isa = PBXGroup;
			children = (A20000000000000000000009 /* APIContractTests.swift */);
			path = Tests/ThreadRelayMacTests;
			sourceTree = SOURCE_ROOT;
		};
/* End PBXGroup section */

/* Begin PBXNativeTarget section */
		A50000000000000000000001 /* ThreadRelay */ = {
			isa = PBXNativeTarget;
			buildConfigurationList = A90000000000000000000002 /* Build configuration list for PBXNativeTarget */;
			buildPhases = (
				A70000000000000000000001 /* Sources */,
				A30000000000000000000001 /* Frameworks */,
				A70000000000000000000002 /* Resources */,
			);
			buildRules = ();
			dependencies = ();
			name = ThreadRelay;
			productName = ThreadRelay;
			productReference = A20000000000000000000000 /* ThreadRelay.app */;
			productType = "com.apple.product-type.application";
		};
		A50000000000000000000002 /* ThreadRelayMacTests */ = {
			isa = PBXNativeTarget;
			buildConfigurationList = A90000000000000000000003 /* Build configuration list for ThreadRelayMacTests */;
			buildPhases = (
				A70000000000000000000003 /* Test Sources */,
				A30000000000000000000002 /* Test Frameworks */,
				A70000000000000000000004 /* Test Resources */,
			);
			buildRules = ();
			dependencies = (A60000000000000000000002 /* ThreadRelay dependency */);
			name = ThreadRelayMacTests;
			productName = ThreadRelayMacTests;
			productReference = A20000000000000000000010 /* ThreadRelayMacTests.xctest */;
			productType = "com.apple.product-type.bundle.unit-test";
		};
/* End PBXNativeTarget section */

/* Begin PBXProject section */
		A60000000000000000000001 /* Project object */ = {
			isa = PBXProject;
			attributes = {
				BuildIndependentTargetsInParallel = 1;
				LastSwiftUpdateCheck = 2660;
				LastUpgradeCheck = 2660;
				TargetAttributes = {
					A50000000000000000000001 = { CreatedOnToolsVersion = 26.0; };
					A50000000000000000000002 = { CreatedOnToolsVersion = 26.0; };
				};
			};
			buildConfigurationList = A90000000000000000000001 /* Build configuration list for PBXProject */;
			compatibilityVersion = "Xcode 14.0";
			developmentRegion = "zh-Hans";
			hasScannedForEncodings = 0;
			knownRegions = ("zh-Hans", Base);
			mainGroup = A40000000000000000000000;
			productRefGroup = A40000000000000000000003 /* Products */;
			projectDirPath = "";
			projectRoot = "";
			targets = (
				A50000000000000000000001 /* ThreadRelay */,
				A50000000000000000000002 /* ThreadRelayMacTests */,
			);
		};
/* End PBXProject section */

/* Begin PBXContainerItemProxy section */
		A60000000000000000000003 /* ThreadRelay test target proxy */ = {
			isa = PBXContainerItemProxy;
			containerPortal = A60000000000000000000001 /* Project object */;
			proxyType = 1;
			remoteGlobalIDString = A50000000000000000000001;
			remoteInfo = ThreadRelay;
		};
/* End PBXContainerItemProxy section */

/* Begin PBXTargetDependency section */
		A60000000000000000000002 /* ThreadRelay dependency */ = {
			isa = PBXTargetDependency;
			target = A50000000000000000000001 /* ThreadRelay */;
			targetProxy = A60000000000000000000003 /* ThreadRelay test target proxy */;
		};
/* End PBXTargetDependency section */

/* Begin PBXResourcesBuildPhase section */
			A70000000000000000000002 /* Resources */ = {isa = PBXResourcesBuildPhase; buildActionMask = 2147483647; files = (); runOnlyForDeploymentPostprocessing = 0; };
			A70000000000000000000004 /* Test Resources */ = {isa = PBXResourcesBuildPhase; buildActionMask = 2147483647; files = (); runOnlyForDeploymentPostprocessing = 0; };
/* End PBXResourcesBuildPhase section */

/* Begin PBXSourcesBuildPhase section */
		A70000000000000000000001 /* Sources */ = {
			isa = PBXSourcesBuildPhase;
			buildActionMask = 2147483647;
			files = (
				A10000000000000000000001 /* ThreadRelayApp.swift in Sources */,
				A10000000000000000000002 /* AppModel.swift in Sources */,
				A10000000000000000000003 /* APIClient.swift in Sources */,
				A10000000000000000000004 /* RootView.swift in Sources */,
				A10000000000000000000005 /* SettingsView.swift in Sources */,
				A10000000000000000000007 /* DesignSystem.swift in Sources */,
				A10000000000000000000008 /* VisualBaselines.swift in Sources */,
				A1000000000000000000000A /* DaemonLauncher.swift in Sources */,
				A1000000000000000000000B /* ConnectionTopologyView.swift in Sources */,
				A1000000000000000000000D /* MessagingAccountsView.swift in Sources */,
				A1000000000000000000000E /* MessagingOnboardingView.swift in Sources */,
			);
			runOnlyForDeploymentPostprocessing = 0;
			};
			A70000000000000000000003 /* Test Sources */ = {
				isa = PBXSourcesBuildPhase;
				buildActionMask = 2147483647;
				files = (A10000000000000000000009 /* APIContractTests.swift in Sources */);
				runOnlyForDeploymentPostprocessing = 0;
			};
/* End PBXSourcesBuildPhase section */

/* Begin XCBuildConfiguration section */
		A80000000000000000000001 /* Debug */ = {isa = XCBuildConfiguration; buildSettings = { CLANG_ENABLE_MODULES = YES; MACOSX_DEPLOYMENT_TARGET = 13.0; SDKROOT = macosx; SWIFT_VERSION = 6.0; }; name = Debug; };
		A80000000000000000000002 /* Release */ = {isa = XCBuildConfiguration; buildSettings = { CLANG_ENABLE_MODULES = YES; MACOSX_DEPLOYMENT_TARGET = 13.0; SDKROOT = macosx; SWIFT_VERSION = 6.0; }; name = Release; };
		A80000000000000000000003 /* Debug */ = {
			isa = XCBuildConfiguration;
			baseConfigurationReference = A20000000000000000000006 /* Version.xcconfig */;
				buildSettings = {
					CODE_SIGNING_ALLOWED = NO;
					COMBINE_HIDPI_IMAGES = YES;
					DEFINES_MODULE = YES;
					ENABLE_TESTABILITY = YES;
					GENERATE_INFOPLIST_FILE = NO;
					INFOPLIST_FILE = Config/ThreadRelay-Info.plist;
					THREADRELAY_DISPLAY_NAME = "ThreadRelay Preview";
				LD_RUNPATH_SEARCH_PATHS = "$(inherited) @executable_path/../Frameworks";
				MACOSX_DEPLOYMENT_TARGET = 13.0;
				PRODUCT_BUNDLE_IDENTIFIER = io.github.mps233.threadrelay.preview;
				PRODUCT_NAME = ThreadRelay;
				SWIFT_EMIT_LOC_STRINGS = YES;
				SWIFT_STRICT_CONCURRENCY = complete;
				SWIFT_VERSION = 6.0;
			};
			name = Debug;
		};
		A80000000000000000000004 /* Release */ = {
			isa = XCBuildConfiguration;
			baseConfigurationReference = A20000000000000000000006 /* Version.xcconfig */;
			buildSettings = {
				CODE_SIGNING_ALLOWED = NO;
				COMBINE_HIDPI_IMAGES = YES;
				GENERATE_INFOPLIST_FILE = NO;
				INFOPLIST_FILE = Config/ThreadRelay-Info.plist;
				THREADRELAY_DISPLAY_NAME = ThreadRelay;
				LD_RUNPATH_SEARCH_PATHS = "$(inherited) @executable_path/../Frameworks";
				MACOSX_DEPLOYMENT_TARGET = 13.0;
				PRODUCT_BUNDLE_IDENTIFIER = io.github.mps233.threadrelay;
				PRODUCT_NAME = ThreadRelay;
				SWIFT_COMPILATION_MODE = wholemodule;
				SWIFT_STRICT_CONCURRENCY = complete;
				SWIFT_VERSION = 6.0;
			};
				name = Release;
			};
			A80000000000000000000005 /* Tests Debug */ = {
				isa = XCBuildConfiguration;
				baseConfigurationReference = A20000000000000000000006 /* Version.xcconfig */;
				buildSettings = {
					BUNDLE_LOADER = "$(TEST_HOST)";
					CODE_SIGNING_ALLOWED = NO;
					ENABLE_TESTABILITY = YES;
					GENERATE_INFOPLIST_FILE = YES;
					LD_RUNPATH_SEARCH_PATHS = "$(inherited) @loader_path/../Frameworks @loader_path/../../MacOS";
					MACOSX_DEPLOYMENT_TARGET = 13.0;
					PRODUCT_BUNDLE_IDENTIFIER = io.github.mps233.threadrelay.preview.tests;
					PRODUCT_NAME = ThreadRelayMacTests;
					SWIFT_OPTIMIZATION_LEVEL = "-Onone";
					SWIFT_STRICT_CONCURRENCY = complete;
					SWIFT_VERSION = 6.0;
					TEST_HOST = "$(BUILT_PRODUCTS_DIR)/ThreadRelay.app/Contents/MacOS/ThreadRelay";
				};
				name = Debug;
			};
			A80000000000000000000006 /* Tests Release */ = {
				isa = XCBuildConfiguration;
				baseConfigurationReference = A20000000000000000000006 /* Version.xcconfig */;
				buildSettings = {
					BUNDLE_LOADER = "$(TEST_HOST)";
					CODE_SIGNING_ALLOWED = NO;
					ENABLE_TESTABILITY = YES;
					GENERATE_INFOPLIST_FILE = YES;
					LD_RUNPATH_SEARCH_PATHS = "$(inherited) @loader_path/../Frameworks @loader_path/../../MacOS";
					MACOSX_DEPLOYMENT_TARGET = 13.0;
					PRODUCT_BUNDLE_IDENTIFIER = io.github.mps233.threadrelay.tests;
					PRODUCT_NAME = ThreadRelayMacTests;
					SWIFT_STRICT_CONCURRENCY = complete;
					SWIFT_VERSION = 6.0;
					TEST_HOST = "$(BUILT_PRODUCTS_DIR)/ThreadRelay.app/Contents/MacOS/ThreadRelay";
				};
				name = Release;
			};
/* End XCBuildConfiguration section */

/* Begin XCConfigurationList section */
			A90000000000000000000001 /* Build configuration list for PBXProject */ = {isa = XCConfigurationList; buildConfigurations = (A80000000000000000000001, A80000000000000000000002); defaultConfigurationIsVisible = 0; defaultConfigurationName = Release; };
			A90000000000000000000002 /* Build configuration list for PBXNativeTarget */ = {isa = XCConfigurationList; buildConfigurations = (A80000000000000000000003, A80000000000000000000004); defaultConfigurationIsVisible = 0; defaultConfigurationName = Release; };
			A90000000000000000000003 /* Build configuration list for ThreadRelayMacTests */ = {isa = XCConfigurationList; buildConfigurations = (A80000000000000000000005, A80000000000000000000006); defaultConfigurationIsVisible = 0; defaultConfigurationName = Release; };
/* End XCConfigurationList section */
	};
	rootObject = A60000000000000000000001 /* Project object */;
}
